
Microsoft Visual Studio Solution File, Format Version 12.00
# Visual Studio Version 16
VisualStudioVersion = 16.0.29306.81
MinimumVisualStudioVersion = 10.0.40219.1
Project("{9A19103F-16F7-4668-BE54-9A1E7A4F7556}") = "ESTIME.BusinessLibrary", "ESTIME.BusinessLibrary\ESTIME.BusinessLibrary.csproj", "{B3F9A558-E580-49B6-A1EC-2AE298ED8959}"
EndProject
Project("{9A19103F-16F7-4668-BE54-9A1E7A4F7556}") = "ESTIME.DAL", "ESTIME.DAL\ESTIME.DAL.csproj", "{DA8D36A9-E720-48E4-8C14-D63FB6058082}"
EndProject
Project("{9A19103F-16F7-4668-BE54-9A1E7A4F7556}") = "ESTIME.RESTfulAPI", "ESTIME.RESTfulAPI\ESTIME.RESTfulAPI.csproj", "{96CB4297-CEB5-4D3A-8A8F-8D6153D1B6CF}"
EndProject
Project("{2150E333-8FDC-42A3-9474-1A3956D46DE8}") = "Scripts", "Scripts", "{DC662ADB-A743-4C51-ABFC-9592F8EE4D79}"
	ProjectSection(SolutionItems) = preProject
		..\..\..\..\Downloads\Database.sql = ..\..\..\..\Downloads\Database.sql
	EndProjectSection
EndProject
Global
	GlobalSection(SolutionConfigurationPlatforms) = preSolution
		Debug|Any CPU = Debug|Any CPU
		Release|Any CPU = Release|Any CPU
	EndGlobalSection
	GlobalSection(ProjectConfigurationPlatforms) = postSolution
		{B3F9A558-E580-49B6-A1EC-2AE298ED8959}.Debug|Any CPU.ActiveCfg = Debug|Any CPU
		{B3F9A558-E580-49B6-A1EC-2AE298ED8959}.Debug|Any CPU.Build.0 = Debug|Any CPU
		{B3F9A558-E580-49B6-A1EC-2AE298ED8959}.Release|Any CPU.ActiveCfg = Release|Any CPU
		{B3F9A558-E580-49B6-A1EC-2AE298ED8959}.Release|Any CPU.Build.0 = Release|Any CPU
		{DA8D36A9-E720-48E4-8C14-D63FB6058082}.Debug|Any CPU.ActiveCfg = Debug|Any CPU
		{DA8D36A9-E720-48E4-8C14-D63FB6058082}.Debug|Any CPU.Build.0 = Debug|Any CPU
		{DA8D36A9-E720-48E4-8C14-D63FB6058082}.Release|Any CPU.ActiveCfg = Release|Any CPU
		{DA8D36A9-E720-48E4-8C14-D63FB6058082}.Release|Any CPU.Build.0 = Release|Any CPU
		{96CB4297-CEB5-4D3A-8A8F-8D6153D1B6CF}.Debug|Any CPU.ActiveCfg = Debug|Any CPU
		{96CB4297-CEB5-4D3A-8A8F-8D6153D1B6CF}.Debug|Any CPU.Build.0 = Debug|Any CPU
		{96CB4297-CEB5-4D3A-8A8F-8D6153D1B6CF}.Release|Any CPU.ActiveCfg = Release|Any CPU
		{96CB4297-CEB5-4D3A-8A8F-8D6153D1B6CF}.Release|Any CPU.Build.0 = Release|Any CPU
	EndGlobalSection
	GlobalSection(SolutionProperties) = preSolution
		HideSolutionNode = FALSE
	EndGlobalSection
	GlobalSection(ExtensibilityGlobals) = postSolution
		SolutionGuid = {D8003A62-5E9C-4019-A4EB-D5911FC026C4}
	EndGlobalSection
EndGlobal
